
Microsoft Visual Studio Solution File, Format Version 12.00
# Visual Studio 15
VisualStudioVersion = 15.0.28010.2036
MinimumVisualStudioVersion = 10.0.40219.1
Project("{2150E333-8FDC-42A3-9474-1A3956D46DE8}") = "Form", "Form", "{0D0FD390-7FC3-425B-A8BD-5A3396A97AE5}"
EndProject
Project("{2150E333-8FDC-42A3-9474-1A3956D46DE8}") = "Logic", "Logic", "{ADE81946-9DC3-415F-9B65-5CEB195CE7A4}"
EndProject
Project("{FAE04EC0-301F-11D3-BF4B-00C04F79EFBC}") = "PSRESLogic", "PSRESLogic\PSRESLogic.csproj", "{FE87FD3E-D8B1-4C3C-8D0F-9B388975B744}"
EndProject
Project("{FAE04EC0-301F-11D3-BF4B-00C04F79EFBC}") = "consoletest", "consoletest\consoletest.csproj", "{9A675E16-0A04-4F49-A711-7247DD6EED84}"
EndProject
Project("{FAE04EC0-301F-11D3-BF4B-00C04F79EFBC}") = "LampControl", "LampControl\LampControl.csproj", "{B033BF31-7602-4803-A6FC-E62960B032D5}"
EndProject
Project("{FAE04EC0-301F-11D3-BF4B-00C04F79EFBC}") = "ReadMeter", "ReadMeter\ReadMeter.csproj", "{26BE0C43-147C-437C-B797-5B343178FF40}"
EndProject
Project("{2150E333-8FDC-42A3-9474-1A3956D46DE8}") = "Data", "Data", "{7DB3A742-3D2F-48DF-BC50-D81221DFD8A2}"
EndProject
Project("{FAE04EC0-301F-11D3-BF4B-00C04F79EFBC}") = "PSRES.Data", "PSRES.Data\PSRES.Data.csproj", "{D48A2E2E-C2B5-417A-B83E-EFDEFD21AB90}"
EndProject
Global
	GlobalSection(SolutionConfigurationPlatforms) = preSolution
		Debug|Any CPU = Debug|Any CPU
		Release|Any CPU = Release|Any CPU
	EndGlobalSection
	GlobalSection(ProjectConfigurationPlatforms) = postSolution
		{FE87FD3E-D8B1-4C3C-8D0F-9B388975B744}.Debug|Any CPU.ActiveCfg = Debug|Any CPU
		{FE87FD3E-D8B1-4C3C-8D0F-9B388975B744}.Debug|Any CPU.Build.0 = Debug|Any CPU
		{FE87FD3E-D8B1-4C3C-8D0F-9B388975B744}.Release|Any CPU.ActiveCfg = Release|Any CPU
		{FE87FD3E-D8B1-4C3C-8D0F-9B388975B744}.Release|Any CPU.Build.0 = Release|Any CPU
		{9A675E16-0A04-4F49-A711-7247DD6EED84}.Debug|Any CPU.ActiveCfg = Debug|Any CPU
		{9A675E16-0A04-4F49-A711-7247DD6EED84}.Debug|Any CPU.Build.0 = Debug|Any CPU
		{9A675E16-0A04-4F49-A711-7247DD6EED84}.Release|Any CPU.ActiveCfg = Release|Any CPU
		{9A675E16-0A04-4F49-A711-7247DD6EED84}.Release|Any CPU.Build.0 = Release|Any CPU
		{B033BF31-7602-4803-A6FC-E62960B032D5}.Debug|Any CPU.ActiveCfg = Debug|Any CPU
		{B033BF31-7602-4803-A6FC-E62960B032D5}.Debug|Any CPU.Build.0 = Debug|Any CPU
		{B033BF31-7602-4803-A6FC-E62960B032D5}.Release|Any CPU.ActiveCfg = Release|Any CPU
		{B033BF31-7602-4803-A6FC-E62960B032D5}.Release|Any CPU.Build.0 = Release|Any CPU
		{26BE0C43-147C-437C-B797-5B343178FF40}.Debug|Any CPU.ActiveCfg = Debug|Any CPU
		{26BE0C43-147C-437C-B797-5B343178FF40}.Debug|Any CPU.Build.0 = Debug|Any CPU
		{26BE0C43-147C-437C-B797-5B343178FF40}.Release|Any CPU.ActiveCfg = Release|Any CPU
		{26BE0C43-147C-437C-B797-5B343178FF40}.Release|Any CPU.Build.0 = Release|Any CPU
		{D48A2E2E-C2B5-417A-B83E-EFDEFD21AB90}.Debug|Any CPU.ActiveCfg = Debug|Any CPU
		{D48A2E2E-C2B5-417A-B83E-EFDEFD21AB90}.Debug|Any CPU.Build.0 = Debug|Any CPU
		{D48A2E2E-C2B5-417A-B83E-EFDEFD21AB90}.Release|Any CPU.ActiveCfg = Release|Any CPU
		{D48A2E2E-C2B5-417A-B83E-EFDEFD21AB90}.Release|Any CPU.Build.0 = Release|Any CPU
	EndGlobalSection
	GlobalSection(SolutionProperties) = preSolution
		HideSolutionNode = FALSE
	EndGlobalSection
	GlobalSection(NestedProjects) = preSolution
		{FE87FD3E-D8B1-4C3C-8D0F-9B388975B744} = {ADE81946-9DC3-415F-9B65-5CEB195CE7A4}
		{9A675E16-0A04-4F49-A711-7247DD6EED84} = {ADE81946-9DC3-415F-9B65-5CEB195CE7A4}
		{B033BF31-7602-4803-A6FC-E62960B032D5} = {0D0FD390-7FC3-425B-A8BD-5A3396A97AE5}
		{26BE0C43-147C-437C-B797-5B343178FF40} = {0D0FD390-7FC3-425B-A8BD-5A3396A97AE5}
		{D48A2E2E-C2B5-417A-B83E-EFDEFD21AB90} = {7DB3A742-3D2F-48DF-BC50-D81221DFD8A2}
	EndGlobalSection
	GlobalSection(ExtensibilityGlobals) = postSolution
		SolutionGuid = {F16FE849-FAA8-4793-9DAB-A1A7D4C99444}
	EndGlobalSection
EndGlobal
