
Microsoft Visual Studio Solution File, Format Version 12.00
# Visual Studio 15
VisualStudioVersion = 15.0.28010.2036
MinimumVisualStudioVersion = 10.0.40219.1
Project("{2150E333-8FDC-42A3-9474-1A3956D46DE8}") = "Form", "Form", "{0D0FD390-7FC3-425B-A8BD-5A3396A97AE5}"
EndProject
Project("{FAE04EC0-301F-11D3-BF4B-00C04F79EFBC}") = "frequencycontrol", "frequencycontrol\frequencycontrol.csproj", "{E89CC4CA-4EAA-477D-BA4A-3C10D1A79252}"
EndProject
Project("{2150E333-8FDC-42A3-9474-1A3956D46DE8}") = "Logic", "Logic", "{ADE81946-9DC3-415F-9B65-5CEB195CE7A4}"
EndProject
Project("{FAE04EC0-301F-11D3-BF4B-00C04F79EFBC}") = "PSRESLogic", "PSRESLogic\PSRESLogic.csproj", "{FE87FD3E-D8B1-4C3C-8D0F-9B388975B744}"
EndProject
Project("{FAE04EC0-301F-11D3-BF4B-00C04F79EFBC}") = "consoletest", "consoletest\consoletest.csproj", "{9A675E16-0A04-4F49-A711-7247DD6EED84}"
EndProject
Project("{FAE04EC0-301F-11D3-BF4B-00C04F79EFBC}") = "DBconnection", "DBconnection\DBconnection.csproj", "{DFD2B313-253F-43A8-8523-BC4CD56AF071}"
EndProject
Project("{FAE04EC0-301F-11D3-BF4B-00C04F79EFBC}") = "LampControl", "LampControl\LampControl.csproj", "{B033BF31-7602-4803-A6FC-E62960B032D5}"
EndProject
Global
	GlobalSection(SolutionConfigurationPlatforms) = preSolution
		Debug|Any CPU = Debug|Any CPU
		Release|Any CPU = Release|Any CPU
	EndGlobalSection
	GlobalSection(ProjectConfigurationPlatforms) = postSolution
		{E89CC4CA-4EAA-477D-BA4A-3C10D1A79252}.Debug|Any CPU.ActiveCfg = Debug|Any CPU
		{E89CC4CA-4EAA-477D-BA4A-3C10D1A79252}.Debug|Any CPU.Build.0 = Debug|Any CPU
		{E89CC4CA-4EAA-477D-BA4A-3C10D1A79252}.Release|Any CPU.ActiveCfg = Release|Any CPU
		{E89CC4CA-4EAA-477D-BA4A-3C10D1A79252}.Release|Any CPU.Build.0 = Release|Any CPU
		{FE87FD3E-D8B1-4C3C-8D0F-9B388975B744}.Debug|Any CPU.ActiveCfg = Debug|Any CPU
		{FE87FD3E-D8B1-4C3C-8D0F-9B388975B744}.Debug|Any CPU.Build.0 = Debug|Any CPU
		{FE87FD3E-D8B1-4C3C-8D0F-9B388975B744}.Release|Any CPU.ActiveCfg = Release|Any CPU
		{FE87FD3E-D8B1-4C3C-8D0F-9B388975B744}.Release|Any CPU.Build.0 = Release|Any CPU
		{9A675E16-0A04-4F49-A711-7247DD6EED84}.Debug|Any CPU.ActiveCfg = Debug|Any CPU
		{9A675E16-0A04-4F49-A711-7247DD6EED84}.Debug|Any CPU.Build.0 = Debug|Any CPU
		{9A675E16-0A04-4F49-A711-7247DD6EED84}.Release|Any CPU.ActiveCfg = Release|Any CPU
		{9A675E16-0A04-4F49-A711-7247DD6EED84}.Release|Any CPU.Build.0 = Release|Any CPU
		{DFD2B313-253F-43A8-8523-BC4CD56AF071}.Debug|Any CPU.ActiveCfg = Debug|Any CPU
		{DFD2B313-253F-43A8-8523-BC4CD56AF071}.Debug|Any CPU.Build.0 = Debug|Any CPU
		{DFD2B313-253F-43A8-8523-BC4CD56AF071}.Release|Any CPU.ActiveCfg = Release|Any CPU
		{DFD2B313-253F-43A8-8523-BC4CD56AF071}.Release|Any CPU.Build.0 = Release|Any CPU
		{B033BF31-7602-4803-A6FC-E62960B032D5}.Debug|Any CPU.ActiveCfg = Debug|Any CPU
		{B033BF31-7602-4803-A6FC-E62960B032D5}.Debug|Any CPU.Build.0 = Debug|Any CPU
		{B033BF31-7602-4803-A6FC-E62960B032D5}.Release|Any CPU.ActiveCfg = Release|Any CPU
		{B033BF31-7602-4803-A6FC-E62960B032D5}.Release|Any CPU.Build.0 = Release|Any CPU
	EndGlobalSection
	GlobalSection(SolutionProperties) = preSolution
		HideSolutionNode = FALSE
	EndGlobalSection
	GlobalSection(NestedProjects) = preSolution
		{E89CC4CA-4EAA-477D-BA4A-3C10D1A79252} = {0D0FD390-7FC3-425B-A8BD-5A3396A97AE5}
		{FE87FD3E-D8B1-4C3C-8D0F-9B388975B744} = {ADE81946-9DC3-415F-9B65-5CEB195CE7A4}
		{9A675E16-0A04-4F49-A711-7247DD6EED84} = {ADE81946-9DC3-415F-9B65-5CEB195CE7A4}
		{DFD2B313-253F-43A8-8523-BC4CD56AF071} = {0D0FD390-7FC3-425B-A8BD-5A3396A97AE5}
		{B033BF31-7602-4803-A6FC-E62960B032D5} = {0D0FD390-7FC3-425B-A8BD-5A3396A97AE5}
	EndGlobalSection
	GlobalSection(ExtensibilityGlobals) = postSolution
		SolutionGuid = {F16FE849-FAA8-4793-9DAB-A1A7D4C99444}
	EndGlobalSection
EndGlobal
